# Generated automatically from package.json
# This is a placeholder yarn.lock - real one should be generated by running `yarn install`

# react-scripts@5.0.1:
#   version "5.0.1"
#   resolved "https://registry.yarnpkg.com/react-scripts/-/react-scripts-5.0.1.tgz"
#   dependencies:
#     "@babel/core" "^7.16.0"
#     webpack "^5.64.4"